// !$*UTF8*$!
{
	archiveVersion = 1;
	classes = {
	};
	objectVersion = 56;
	objects = {

/* Begin PBXBuildFile section */
		D9F082E12CBCFDBD001ECF17 /* AppDelegate.swift in Sources */ = {isa = PBXBuildFile; fileRef = D9F082E02CBCFDBD001ECF17 /* AppDelegate.swift */; };
		D9F082E32CBCFDBD001ECF17 /* SceneDelegate.swift in Sources */ = {isa = PBXBuildFile; fileRef = D9F082E22CBCFDBD001ECF17 /* SceneDelegate.swift */; };
		D9F082E52CBCFDBD001ECF17 /* ViewController.swift in Sources */ = {isa = PBXBuildFile; fileRef = D9F082E42CBCFDBD001ECF17 /* ViewController.swift */; };
		D9F082E82CBCFDBD001ECF17 /* Main.storyboard in Resources */ = {isa = PBXBuildFile; fileRef = D9F082E62CBCFDBD001ECF17 /* Main.storyboard */; };
		D9F082EA2CBCFDC2001ECF17 /* Assets.xcassets in Resources */ = {isa = PBXBuildFile; fileRef = D9F082E92CBCFDC2001ECF17 /* Assets.xcassets */; };
		D9F082ED2CBCFDC2001ECF17 /* LaunchScreen.storyboard in Resources */ = {isa = PBXBuildFile; fileRef = D9F082EB2CBCFDC2001ECF17 /* LaunchScreen.storyboard */; };
		D9F082F72CBCFEE9001ECF17 /* DashboardViewController.swift in Sources */ = {isa = PBXBuildFile; fileRef = D9F082F52CBCFEE9001ECF17 /* DashboardViewController.swift */; };
		D9F082F82CBCFEE9001ECF17 /* DashboardViewController.xib in Resources */ = {isa = PBXBuildFile; fileRef = D9F082F62CBCFEE9001ECF17 /* DashboardViewController.xib */; };
		D9F082FF2CBD09F9001ECF17 /* RegisterViewController.swift in Sources */ = {isa = PBXBuildFile; fileRef = D9F082FD2CBD09F9001ECF17 /* RegisterViewController.swift */; };
		D9F083002CBD09F9001ECF17 /* RegisterViewController.xib in Resources */ = {isa = PBXBuildFile; fileRef = D9F082FE2CBD09F9001ECF17 /* RegisterViewController.xib */; };
/* End PBXBuildFile section */

/* Begin PBXFileReference section */
		D9F082DD2CBCFDBD001ECF17 /* xcodegen-trial.app */ = {isa = PBXFileReference; explicitFileType = wrapper.application; includeInIndex = 0; path = "xcodegen-trial.app"; sourceTree = BUILT_PRODUCTS_DIR; };
		D9F082E02CBCFDBD001ECF17 /* AppDelegate.swift */ = {isa = PBXFileReference; lastKnownFileType = sourcecode.swift; path = AppDelegate.swift; sourceTree = "<group>"; };
		D9F082E22CBCFDBD001ECF17 /* SceneDelegate.swift */ = {isa = PBXFileReference; lastKnownFileType = sourcecode.swift; path = SceneDelegate.swift; sourceTree = "<group>"; };
		D9F082E42CBCFDBD001ECF17 /* ViewController.swift */ = {isa = PBXFileReference; lastKnownFileType = sourcecode.swift; path = ViewController.swift; sourceTree = "<group>"; };
		D9F082E72CBCFDBD001ECF17 /* Base */ = {isa = PBXFileReference; lastKnownFileType = file.storyboard; name = Base; path = Base.lproj/Main.storyboard; sourceTree = "<group>"; };
		D9F082E92CBCFDC2001ECF17 /* Assets.xcassets */ = {isa = PBXFileReference; lastKnownFileType = folder.assetcatalog; path = Assets.xcassets; sourceTree = "<group>"; };
		D9F082EC2CBCFDC2001ECF17 /* Base */ = {isa = PBXFileReference; lastKnownFileType = file.storyboard; name = Base; path = Base.lproj/LaunchScreen.storyboard; sourceTree = "<group>"; };
		D9F082EE2CBCFDC2001ECF17 /* Info.plist */ = {isa = PBXFileReference; lastKnownFileType = text.plist.xml; path = Info.plist; sourceTree = "<group>"; };
		D9F082F52CBCFEE9001ECF17 /* DashboardViewController.swift */ = {isa = PBXFileReference; lastKnownFileType = sourcecode.swift; path = DashboardViewController.swift; sourceTree = "<group>"; };
		D9F082F62CBCFEE9001ECF17 /* DashboardViewController.xib */ = {isa = PBXFileReference; lastKnownFileType = file.xib; path = DashboardViewController.xib; sourceTree = "<group>"; };
		D9F082FD2CBD09F9001ECF17 /* RegisterViewController.swift */ = {isa = PBXFileReference; lastKnownFileType = sourcecode.swift; path = RegisterViewController.swift; sourceTree = "<group>"; };
		D9F082FE2CBD09F9001ECF17 /* RegisterViewController.xib */ = {isa = PBXFileReference; lastKnownFileType = file.xib; path = RegisterViewController.xib; sourceTree = "<group>"; };
/* End PBXFileReference section */

/* Begin PBXFrameworksBuildPhase section */
		D9F082DA2CBCFDBD001ECF17 /* Frameworks */ = {
			isa = PBXFrameworksBuildPhase;
			buildActionMask = 2147483647;
			files = (
			);
			runOnlyForDeploymentPostprocessing = 0;
		};
/* End PBXFrameworksBuildPhase section */

/* Begin PBXGroup section */
		D9F082D42CBCFDBD001ECF17 = {
			isa = PBXGroup;
			children = (
				D9F082DF2CBCFDBD001ECF17 /* xcodegen-trial */,
				D9F082DE2CBCFDBD001ECF17 /* Products */,
			);
			sourceTree = "<group>";
		};
		D9F082DE2CBCFDBD001ECF17 /* Products */ = {
			isa = PBXGroup;
			children = (
				D9F082DD2CBCFDBD001ECF17 /* xcodegen-trial.app */,
			);
			name = Products;
			sourceTree = "<group>";
		};
		D9F082DF2CBCFDBD001ECF17 /* xcodegen-trial */ = {
			isa = PBXGroup;
			children = (
				D9F082F42CBCFEB1001ECF17 /* Dashboard */,
				D9F082E02CBCFDBD001ECF17 /* AppDelegate.swift */,
				D9F082E22CBCFDBD001ECF17 /* SceneDelegate.swift */,
				D9F082E42CBCFDBD001ECF17 /* ViewController.swift */,
				D9F082E62CBCFDBD001ECF17 /* Main.storyboard */,
				D9F082E92CBCFDC2001ECF17 /* Assets.xcassets */,
				D9F082EB2CBCFDC2001ECF17 /* LaunchScreen.storyboard */,
				D9F082EE2CBCFDC2001ECF17 /* Info.plist */,
				D9F082FD2CBD09F9001ECF17 /* RegisterViewController.swift */,
				D9F082FE2CBD09F9001ECF17 /* RegisterViewController.xib */,
			);
			path = "xcodegen-trial";
			sourceTree = "<group>";
		};
		D9F082F42CBCFEB1001ECF17 /* Dashboard */ = {
			isa = PBXGroup;
			children = (
				D9F082F52CBCFEE9001ECF17 /* DashboardViewController.swift */,
				D9F082F62CBCFEE9001ECF17 /* DashboardViewController.xib */,
			);
			path = Dashboard;
			sourceTree = "<group>";
		};
/* End PBXGroup section */

/* Begin PBXNativeTarget section */
		D9F082DC2CBCFDBD001ECF17 /* xcodegen-trial */ = {
			isa = PBXNativeTarget;
			buildConfigurationList = D9F082F12CBCFDC2001ECF17 /* Build configuration list for PBXNativeTarget "xcodegen-trial" */;
			buildPhases = (
				D9F082D92CBCFDBD001ECF17 /* Sources */,
				D9F082DA2CBCFDBD001ECF17 /* Frameworks */,
				D9F082DB2CBCFDBD001ECF17 /* Resources */,
			);
			buildRules = (
			);
			dependencies = (
			);
			name = "xcodegen-trial";
			productName = "xcodegen-trial";
			productReference = D9F082DD2CBCFDBD001ECF17 /* xcodegen-trial.app */;
			productType = "com.apple.product-type.application";
		};
/* End PBXNativeTarget section */

/* Begin PBXProject section */
		D9F082D52CBCFDBD001ECF17 /* Project object */ = {
			isa = PBXProject;
			attributes = {
				BuildIndependentTargetsInParallel = 1;
				LastSwiftUpdateCheck = 1500;
				LastUpgradeCheck = 1500;
				TargetAttributes = {
					D9F082DC2CBCFDBD001ECF17 = {
						CreatedOnToolsVersion = 15.0.1;
					};
				};
			};
			buildConfigurationList = D9F082D82CBCFDBD001ECF17 /* Build configuration list for PBXProject "xcodegen-trial" */;
			compatibilityVersion = "Xcode 14.0";
			developmentRegion = en;
			hasScannedForEncodings = 0;
			knownRegions = (
				en,
				Base,
			);
			mainGroup = D9F082D42CBCFDBD001ECF17;
			productRefGroup = D9F082DE2CBCFDBD001ECF17 /* Products */;
			projectDirPath = "";
			projectRoot = "";
			targets = (
				D9F082DC2CBCFDBD001ECF17 /* xcodegen-trial */,
			);
		};
/* End PBXProject section */

/* Begin PBXResourcesBuildPhase section */
		D9F082DB2CBCFDBD001ECF17 /* Resources */ = {
			isa = PBXResourcesBuildPhase;
			buildActionMask = 2147483647;
			files = (
				D9F082ED2CBCFDC2001ECF17 /* LaunchScreen.storyboard in Resources */,
				D9F083002CBD09F9001ECF17 /* RegisterViewController.xib in Resources */,
				D9F082EA2CBCFDC2001ECF17 /* Assets.xcassets in Resources */,
				D9F082E82CBCFDBD001ECF17 /* Main.storyboard in Resources */,
				D9F082F82CBCFEE9001ECF17 /* DashboardViewController.xib in Resources */,
			);
			runOnlyForDeploymentPostprocessing = 0;
		};
/* End PBXResourcesBuildPhase section */

/* Begin PBXSourcesBuildPhase section */
		D9F082D92CBCFDBD001ECF17 /* Sources */ = {
			isa = PBXSourcesBuildPhase;
			buildActionMask = 2147483647;
			files = (
				D9F082E52CBCFDBD001ECF17 /* ViewController.swift in Sources */,
				D9F082FF2CBD09F9001ECF17 /* RegisterViewController.swift in Sources */,
				D9F082E12CBCFDBD001ECF17 /* AppDelegate.swift in Sources */,
				D9F082E32CBCFDBD001ECF17 /* SceneDelegate.swift in Sources */,
				D9F082F72CBCFEE9001ECF17 /* DashboardViewController.swift in Sources */,
			);
			runOnlyForDeploymentPostprocessing = 0;
		};
/* End PBXSourcesBuildPhase section */

/* Begin PBXVariantGroup section */
		D9F082E62CBCFDBD001ECF17 /* Main.storyboard */ = {
			isa = PBXVariantGroup;
			children = (
				D9F082E72CBCFDBD001ECF17 /* Base */,
			);
			name = Main.storyboard;
			sourceTree = "<group>";
		};
		D9F082EB2CBCFDC2001ECF17 /* LaunchScreen.storyboard */ = {
			isa = PBXVariantGroup;
			children = (
				D9F082EC2CBCFDC2001ECF17 /* Base */,
			);
			name = LaunchScreen.storyboard;
			sourceTree = "<group>";
		};
/* End PBXVariantGroup section */

/* Begin XCBuildConfiguration section */
		D9F082EF2CBCFDC2001ECF17 /* Debug */ = {
			isa = XCBuildConfiguration;
			buildSettings = {
				ALWAYS_SEARCH_USER_PATHS = NO;
				ASSETCATALOG_COMPILER_GENERATE_SWIFT_ASSET_SYMBOL_EXTENSIONS = YES;
				CLANG_ANALYZER_NONNULL = YES;
				CLANG_ANALYZER_NUMBER_OBJECT_CONVERSION = YES_AGGRESSIVE;
				CLANG_CXX_LANGUAGE_STANDARD = "gnu++20";
				CLANG_ENABLE_MODULES = YES;
				CLANG_ENABLE_OBJC_ARC = YES;
				CLANG_ENABLE_OBJC_WEAK = YES;
				CLANG_WARN_BLOCK_CAPTURE_AUTORELEASING = YES;
				CLANG_WARN_BOOL_CONVERSION = YES;
				CLANG_WARN_COMMA = YES;
				CLANG_WARN_CONSTANT_CONVERSION = YES;
				CLANG_WARN_DEPRECATED_OBJC_IMPLEMENTATIONS = YES;
				CLANG_WARN_DIRECT_OBJC_ISA_USAGE = YES_ERROR;
				CLANG_WARN_DOCUMENTATION_COMMENTS = YES;
				CLANG_WARN_EMPTY_BODY = YES;
				CLANG_WARN_ENUM_CONVERSION = YES;
				CLANG_WARN_INFINITE_RECURSION = YES;
				CLANG_WARN_INT_CONVERSION = YES;
				CLANG_WARN_NON_LITERAL_NULL_CONVERSION = YES;
				CLANG_WARN_OBJC_IMPLICIT_RETAIN_SELF = YES;
				CLANG_WARN_OBJC_LITERAL_CONVERSION = YES;
				CLANG_WARN_OBJC_ROOT_CLASS = YES_ERROR;
				CLANG_WARN_QUOTED_INCLUDE_IN_FRAMEWORK_HEADER = YES;
				CLANG_WARN_RANGE_LOOP_ANALYSIS = YES;
				CLANG_WARN_STRICT_PROTOTYPES = YES;
				CLANG_WARN_SUSPICIOUS_MOVE = YES;
				CLANG_WARN_UNGUARDED_AVAILABILITY = YES_AGGRESSIVE;
				CLANG_WARN_UNREACHABLE_CODE = YES;
				CLANG_WARN__DUPLICATE_METHOD_MATCH = YES;
				COPY_PHASE_STRIP = NO;
				DEBUG_INFORMATION_FORMAT = dwarf;
				ENABLE_STRICT_OBJC_MSGSEND = YES;
				ENABLE_TESTABILITY = YES;
				ENABLE_USER_SCRIPT_SANDBOXING = YES;
				GCC_C_LANGUAGE_STANDARD = gnu17;
				GCC_DYNAMIC_NO_PIC = NO;
				GCC_NO_COMMON_BLOCKS = YES;
				GCC_OPTIMIZATION_LEVEL = 0;
				GCC_PREPROCESSOR_DEFINITIONS = (
					"DEBUG=1",
					"$(inherited)",
				);
				GCC_WARN_64_TO_32_BIT_CONVERSION = YES;
				GCC_WARN_ABOUT_RETURN_TYPE = YES_ERROR;
				GCC_WARN_UNDECLARED_SELECTOR = YES;
				GCC_WARN_UNINITIALIZED_AUTOS = YES_AGGRESSIVE;
				GCC_WARN_UNUSED_FUNCTION = YES;
				GCC_WARN_UNUSED_VARIABLE = YES;
				IPHONEOS_DEPLOYMENT_TARGET = 17.0;
				LOCALIZATION_PREFERS_STRING_CATALOGS = YES;
				MTL_ENABLE_DEBUG_INFO = INCLUDE_SOURCE;
				MTL_FAST_MATH = YES;
				ONLY_ACTIVE_ARCH = YES;
				SDKROOT = iphoneos;
				SWIFT_ACTIVE_COMPILATION_CONDITIONS = "DEBUG $(inherited)";
				SWIFT_OPTIMIZATION_LEVEL = "-Onone";
			};
			name = Debug;
		};
		D9F082F02CBCFDC2001ECF17 /* Release */ = {
			isa = XCBuildConfiguration;
			buildSettings = {
				ALWAYS_SEARCH_USER_PATHS = NO;
				ASSETCATALOG_COMPILER_GENERATE_SWIFT_ASSET_SYMBOL_EXTENSIONS = YES;
				CLANG_ANALYZER_NONNULL = YES;
				CLANG_ANALYZER_NUMBER_OBJECT_CONVERSION = YES_AGGRESSIVE;
				CLANG_CXX_LANGUAGE_STANDARD = "gnu++20";
				CLANG_ENABLE_MODULES = YES;
				CLANG_ENABLE_OBJC_ARC = YES;
				CLANG_ENABLE_OBJC_WEAK = YES;
				CLANG_WARN_BLOCK_CAPTURE_AUTORELEASING = YES;
				CLANG_WARN_BOOL_CONVERSION = YES;
				CLANG_WARN_COMMA = YES;
				CLANG_WARN_CONSTANT_CONVERSION = YES;
				CLANG_WARN_DEPRECATED_OBJC_IMPLEMENTATIONS = YES;
				CLANG_WARN_DIRECT_OBJC_ISA_USAGE = YES_ERROR;
				CLANG_WARN_DOCUMENTATION_COMMENTS = YES;
				CLANG_WARN_EMPTY_BODY = YES;
				CLANG_WARN_ENUM_CONVERSION = YES;
				CLANG_WARN_INFINITE_RECURSION = YES;
				CLANG_WARN_INT_CONVERSION = YES;
				CLANG_WARN_NON_LITERAL_NULL_CONVERSION = YES;
				CLANG_WARN_OBJC_IMPLICIT_RETAIN_SELF = YES;
				CLANG_WARN_OBJC_LITERAL_CONVERSION = YES;
				CLANG_WARN_OBJC_ROOT_CLASS = YES_ERROR;
				CLANG_WARN_QUOTED_INCLUDE_IN_FRAMEWORK_HEADER = YES;
				CLANG_WARN_RANGE_LOOP_ANALYSIS = YES;
				CLANG_WARN_STRICT_PROTOTYPES = YES;
				CLANG_WARN_SUSPICIOUS_MOVE = YES;
				CLANG_WARN_UNGUARDED_AVAILABILITY = YES_AGGRESSIVE;
				CLANG_WARN_UNREACHABLE_CODE = YES;
				CLANG_WARN__DUPLICATE_METHOD_MATCH = YES;
				COPY_PHASE_STRIP = NO;
				DEBUG_INFORMATION_FORMAT = "dwarf-with-dsym";
				ENABLE_NS_ASSERTIONS = NO;
				ENABLE_STRICT_OBJC_MSGSEND = YES;
				ENABLE_USER_SCRIPT_SANDBOXING = YES;
				GCC_C_LANGUAGE_STANDARD = gnu17;
				GCC_NO_COMMON_BLOCKS = YES;
				GCC_WARN_64_TO_32_BIT_CONVERSION = YES;
				GCC_WARN_ABOUT_RETURN_TYPE = YES_ERROR;
				GCC_WARN_UNDECLARED_SELECTOR = YES;
				GCC_WARN_UNINITIALIZED_AUTOS = YES_AGGRESSIVE;
				GCC_WARN_UNUSED_FUNCTION = YES;
				GCC_WARN_UNUSED_VARIABLE = YES;
				IPHONEOS_DEPLOYMENT_TARGET = 17.0;
				LOCALIZATION_PREFERS_STRING_CATALOGS = YES;
				MTL_ENABLE_DEBUG_INFO = NO;
				MTL_FAST_MATH = YES;
				SDKROOT = iphoneos;
				SWIFT_COMPILATION_MODE = wholemodule;
				VALIDATE_PRODUCT = YES;
			};
			name = Release;
		};
		D9F082F22CBCFDC2001ECF17 /* Debug */ = {
			isa = XCBuildConfiguration;
			buildSettings = {
				ASSETCATALOG_COMPILER_APPICON_NAME = AppIcon;
				ASSETCATALOG_COMPILER_GLOBAL_ACCENT_COLOR_NAME = AccentColor;
				CODE_SIGN_STYLE = Automatic;
				CURRENT_PROJECT_VERSION = 1;
				DEVELOPMENT_TEAM = Y6X9S45TDJ;
				GENERATE_INFOPLIST_FILE = YES;
				INFOPLIST_FILE = "xcodegen-trial/Info.plist";
				INFOPLIST_KEY_UIApplicationSupportsIndirectInputEvents = YES;
				INFOPLIST_KEY_UILaunchStoryboardName = LaunchScreen;
				INFOPLIST_KEY_UIMainStoryboardFile = Main;
				INFOPLIST_KEY_UISupportedInterfaceOrientations_iPad = "UIInterfaceOrientationPortrait UIInterfaceOrientationPortraitUpsideDown UIInterfaceOrientationLandscapeLeft UIInterfaceOrientationLandscapeRight";
				INFOPLIST_KEY_UISupportedInterfaceOrientations_iPhone = "UIInterfaceOrientationPortrait UIInterfaceOrientationLandscapeLeft UIInterfaceOrientationLandscapeRight";
				LD_RUNPATH_SEARCH_PATHS = (
					"$(inherited)",
					"@executable_path/Frameworks",
				);
				MARKETING_VERSION = 1.0;
				PRODUCT_BUNDLE_IDENTIFIER = "com.yani.xcodegen-trial";
				PRODUCT_NAME = "$(TARGET_NAME)";
				SWIFT_EMIT_LOC_STRINGS = YES;
				SWIFT_VERSION = 5.0;
				TARGETED_DEVICE_FAMILY = "1,2";
			};
			name = Debug;
		};
		D9F082F32CBCFDC2001ECF17 /* Release */ = {
			isa = XCBuildConfiguration;
			buildSettings = {
				ASSETCATALOG_COMPILER_APPICON_NAME = AppIcon;
				ASSETCATALOG_COMPILER_GLOBAL_ACCENT_COLOR_NAME = AccentColor;
				CODE_SIGN_STYLE = Automatic;
				CURRENT_PROJECT_VERSION = 1;
				DEVELOPMENT_TEAM = Y6X9S45TDJ;
				GENERATE_INFOPLIST_FILE = YES;
				INFOPLIST_FILE = "xcodegen-trial/Info.plist";
				INFOPLIST_KEY_UIApplicationSupportsIndirectInputEvents = YES;
				INFOPLIST_KEY_UILaunchStoryboardName = LaunchScreen;
				INFOPLIST_KEY_UIMainStoryboardFile = Main;
				INFOPLIST_KEY_UISupportedInterfaceOrientations_iPad = "UIInterfaceOrientationPortrait UIInterfaceOrientationPortraitUpsideDown UIInterfaceOrientationLandscapeLeft UIInterfaceOrientationLandscapeRight";
				INFOPLIST_KEY_UISupportedInterfaceOrientations_iPhone = "UIInterfaceOrientationPortrait UIInterfaceOrientationLandscapeLeft UIInterfaceOrientationLandscapeRight";
				LD_RUNPATH_SEARCH_PATHS = (
					"$(inherited)",
					"@executable_path/Frameworks",
				);
				MARKETING_VERSION = 1.0;
				PRODUCT_BUNDLE_IDENTIFIER = "com.yani.xcodegen-trial";
				PRODUCT_NAME = "$(TARGET_NAME)";
				SWIFT_EMIT_LOC_STRINGS = YES;
				SWIFT_VERSION = 5.0;
				TARGETED_DEVICE_FAMILY = "1,2";
			};
			name = Release;
		};
/* End XCBuildConfiguration section */

/* Begin XCConfigurationList section */
		D9F082D82CBCFDBD001ECF17 /* Build configuration list for PBXProject "xcodegen-trial" */ = {
			isa = XCConfigurationList;
			buildConfigurations = (
				D9F082EF2CBCFDC2001ECF17 /* Debug */,
				D9F082F02CBCFDC2001ECF17 /* Release */,
			);
			defaultConfigurationIsVisible = 0;
			defaultConfigurationName = Release;
		};
		D9F082F12CBCFDC2001ECF17 /* Build configuration list for PBXNativeTarget "xcodegen-trial" */ = {
			isa = XCConfigurationList;
			buildConfigurations = (
				D9F082F22CBCFDC2001ECF17 /* Debug */,
				D9F082F32CBCFDC2001ECF17 /* Release */,
			);
			defaultConfigurationIsVisible = 0;
			defaultConfigurationName = Release;
		};
/* End XCConfigurationList section */
	};
	rootObject = D9F082D52CBCFDBD001ECF17 /* Project object */;
}
